
Microsoft Visual Studio Solution File, Format Version 12.00
# Visual Studio Version 17
VisualStudioVersion = 17.0.31919.166
MinimumVisualStudioVersion = 10.0.40219.1
Project("{FAE04EC0-301F-11D3-BF4B-00C04F79EFBC}") = "Bubblesort", "Bubblesort.csproj", "{AA062565-6260-492A-B973-C19E0AF40325}"
EndProject
Global
	GlobalSection(SolutionConfigurationPlatforms) = preSolution
		Debug|Any CPU = Debug|Any CPU
		Release|Any CPU = Release|Any CPU
	EndGlobalSection
	GlobalSection(ProjectConfigurationPlatforms) = postSolution
		{AA062565-6260-492A-B973-C19E0AF40325}.Debug|Any CPU.ActiveCfg = Debug|Any CPU
		{AA062565-6260-492A-B973-C19E0AF40325}.Debug|Any CPU.Build.0 = Debug|Any CPU
		{AA062565-6260-492A-B973-C19E0AF40325}.Release|Any CPU.ActiveCfg = Release|Any CPU
		{AA062565-6260-492A-B973-C19E0AF40325}.Release|Any CPU.Build.0 = Release|Any CPU
	EndGlobalSection
	GlobalSection(SolutionProperties) = preSolution
		HideSolutionNode = FALSE
	EndGlobalSection
	GlobalSection(ExtensibilityGlobals) = postSolution
		SolutionGuid = {0C5066B2-0500-4695-BB8D-071646B6C45C}
	EndGlobalSection
EndGlobal
