
Microsoft Visual Studio Solution File, Format Version 12.00
# Visual Studio Version 17
VisualStudioVersion = 17.0.31919.166
MinimumVisualStudioVersion = 10.0.40219.1
Project("{FAE04EC0-301F-11D3-BF4B-00C04F79EFBC}") = "CalculPuissanceNbr", "CalculPuissanceNbr.csproj", "{8D84E24C-FE3D-434C-A9BC-98F7478C389A}"
EndProject
Global
	GlobalSection(SolutionConfigurationPlatforms) = preSolution
		Debug|Any CPU = Debug|Any CPU
		Release|Any CPU = Release|Any CPU
	EndGlobalSection
	GlobalSection(ProjectConfigurationPlatforms) = postSolution
		{8D84E24C-FE3D-434C-A9BC-98F7478C389A}.Debug|Any CPU.ActiveCfg = Debug|Any CPU
		{8D84E24C-FE3D-434C-A9BC-98F7478C389A}.Debug|Any CPU.Build.0 = Debug|Any CPU
		{8D84E24C-FE3D-434C-A9BC-98F7478C389A}.Release|Any CPU.ActiveCfg = Release|Any CPU
		{8D84E24C-FE3D-434C-A9BC-98F7478C389A}.Release|Any CPU.Build.0 = Release|Any CPU
	EndGlobalSection
	GlobalSection(SolutionProperties) = preSolution
		HideSolutionNode = FALSE
	EndGlobalSection
	GlobalSection(ExtensibilityGlobals) = postSolution
		SolutionGuid = {C0483AE7-E8B2-4BBD-8D80-54FB9DB2311C}
	EndGlobalSection
EndGlobal
